
Microsoft Visual Studio Solution File, Format Version 12.00
Project("{FAE04EC0-301F-11D3-BF4B-00C04F79EFBC}") = "InfoSearcher", "InfoSearcher\InfoSearcher.csproj", "{119686B5-51B6-434F-967B-DCC3505ED1D2}"
EndProject
Project("{2150E333-8FDC-42A3-9474-1A3956D46DE8}") = ".build", ".build", "{6C0E4D90-7B29-43B6-903D-78E2BA2B1DFD}"
ProjectSection(SolutionItems) = preProject
	.build\appveyor.yml = .build\appveyor.yml
EndProjectSection
EndProject
Global
	GlobalSection(SolutionConfigurationPlatforms) = preSolution
		Debug|Any CPU = Debug|Any CPU
		Release|Any CPU = Release|Any CPU
	EndGlobalSection
	GlobalSection(ProjectConfigurationPlatforms) = postSolution
		{119686B5-51B6-434F-967B-DCC3505ED1D2}.Debug|Any CPU.ActiveCfg = Debug|Any CPU
		{119686B5-51B6-434F-967B-DCC3505ED1D2}.Debug|Any CPU.Build.0 = Debug|Any CPU
		{119686B5-51B6-434F-967B-DCC3505ED1D2}.Release|Any CPU.ActiveCfg = Release|Any CPU
		{119686B5-51B6-434F-967B-DCC3505ED1D2}.Release|Any CPU.Build.0 = Release|Any CPU
	EndGlobalSection
EndGlobal
